
Microsoft Visual Studio Solution File, Format Version 12.00
# Visual Studio Version 17
VisualStudioVersion = 17.14.36301.6 d17.14
MinimumVisualStudioVersion = 10.0.40219.1
Project("{FAE04EC0-301F-11D3-BF4B-00C04F79EFBC}") = "WpfApp3", "WpfApp3\WpfApp3.csproj", "{7676E96D-2AF6-45FF-983E-6C3C3E8C2935}"
EndProject
Global
	GlobalSection(SolutionConfigurationPlatforms) = preSolution
		Debug|Any CPU = Debug|Any CPU
		Release|Any CPU = Release|Any CPU
	EndGlobalSection
	GlobalSection(ProjectConfigurationPlatforms) = postSolution
		{7676E96D-2AF6-45FF-983E-6C3C3E8C2935}.Debug|Any CPU.ActiveCfg = Debug|Any CPU
		{7676E96D-2AF6-45FF-983E-6C3C3E8C2935}.Debug|Any CPU.Build.0 = Debug|Any CPU
		{7676E96D-2AF6-45FF-983E-6C3C3E8C2935}.Release|Any CPU.ActiveCfg = Release|Any CPU
		{7676E96D-2AF6-45FF-983E-6C3C3E8C2935}.Release|Any CPU.Build.0 = Release|Any CPU
	EndGlobalSection
	GlobalSection(SolutionProperties) = preSolution
		HideSolutionNode = FALSE
	EndGlobalSection
	GlobalSection(ExtensibilityGlobals) = postSolution
		SolutionGuid = {C186EBCF-C892-41E9-BB93-CB2FDB52A2D8}
	EndGlobalSection
EndGlobal
